// !$*UTF8*$!
{
	archiveVersion = 1;
	classes = {
	};
	objectVersion = 55;
	objects = {

/* Begin PBXBuildFile section */
		3B235B1227D7B45B00E2163C /* BeerDetailViewController.swift in Sources */ = {isa = PBXBuildFile; fileRef = 3B235B1127D7B45B00E2163C /* BeerDetailViewController.swift */; };
		3B8CEB0527DA09B5003903E1 /* Constants.swift in Sources */ = {isa = PBXBuildFile; fileRef = 3B8CEB0427DA09B5003903E1 /* Constants.swift */; };
		3B90C39027DA284700C7FED3 /* CHANGELOG.md in Resources */ = {isa = PBXBuildFile; fileRef = 3B90C38F27DA284700C7FED3 /* CHANGELOG.md */; };
		3BCE1ADD27D3DB32003726B2 /* AppDelegate.swift in Sources */ = {isa = PBXBuildFile; fileRef = 3BCE1ADC27D3DB32003726B2 /* AppDelegate.swift */; };
		3BCE1ADF27D3DB32003726B2 /* SceneDelegate.swift in Sources */ = {isa = PBXBuildFile; fileRef = 3BCE1ADE27D3DB32003726B2 /* SceneDelegate.swift */; };
		3BCE1AE127D3DB32003726B2 /* BeerViewController.swift in Sources */ = {isa = PBXBuildFile; fileRef = 3BCE1AE027D3DB32003726B2 /* BeerViewController.swift */; };
		3BCE1AE427D3DB32003726B2 /* Main.storyboard in Resources */ = {isa = PBXBuildFile; fileRef = 3BCE1AE227D3DB32003726B2 /* Main.storyboard */; };
		3BCE1AE627D3DB33003726B2 /* Assets.xcassets in Resources */ = {isa = PBXBuildFile; fileRef = 3BCE1AE527D3DB33003726B2 /* Assets.xcassets */; };
		3BCE1AE927D3DB33003726B2 /* LaunchScreen.storyboard in Resources */ = {isa = PBXBuildFile; fileRef = 3BCE1AE727D3DB33003726B2 /* LaunchScreen.storyboard */; };
		3BCE1B0127D3F173003726B2 /* BeerManager.swift in Sources */ = {isa = PBXBuildFile; fileRef = 3BCE1B0027D3F173003726B2 /* BeerManager.swift */; };
		3BCE1B0327D3F17D003726B2 /* BeerData.swift in Sources */ = {isa = PBXBuildFile; fileRef = 3BCE1B0227D3F17D003726B2 /* BeerData.swift */; };
		3BCE1B1227D4DBEB003726B2 /* BeerListTableViewCell.swift in Sources */ = {isa = PBXBuildFile; fileRef = 3BCE1B1127D4DBEB003726B2 /* BeerListTableViewCell.swift */; };
/* End PBXBuildFile section */

/* Begin PBXFileReference section */
		3B235B1127D7B45B00E2163C /* BeerDetailViewController.swift */ = {isa = PBXFileReference; fileEncoding = 4; lastKnownFileType = sourcecode.swift; path = BeerDetailViewController.swift; sourceTree = "<group>"; };
		3B8CEB0427DA09B5003903E1 /* Constants.swift */ = {isa = PBXFileReference; lastKnownFileType = sourcecode.swift; path = Constants.swift; sourceTree = "<group>"; };
		3B90C38F27DA284700C7FED3 /* CHANGELOG.md */ = {isa = PBXFileReference; lastKnownFileType = net.daringfireball.markdown; path = CHANGELOG.md; sourceTree = "<group>"; };
		3BCE1AD927D3DB32003726B2 /* BeerProject.app */ = {isa = PBXFileReference; explicitFileType = wrapper.application; includeInIndex = 0; path = BeerProject.app; sourceTree = BUILT_PRODUCTS_DIR; };
		3BCE1ADC27D3DB32003726B2 /* AppDelegate.swift */ = {isa = PBXFileReference; lastKnownFileType = sourcecode.swift; path = AppDelegate.swift; sourceTree = "<group>"; };
		3BCE1ADE27D3DB32003726B2 /* SceneDelegate.swift */ = {isa = PBXFileReference; lastKnownFileType = sourcecode.swift; path = SceneDelegate.swift; sourceTree = "<group>"; };
		3BCE1AE027D3DB32003726B2 /* BeerViewController.swift */ = {isa = PBXFileReference; lastKnownFileType = sourcecode.swift; path = BeerViewController.swift; sourceTree = "<group>"; };
		3BCE1AE327D3DB32003726B2 /* Base */ = {isa = PBXFileReference; lastKnownFileType = file.storyboard; name = Base; path = Base.lproj/Main.storyboard; sourceTree = "<group>"; };
		3BCE1AE527D3DB33003726B2 /* Assets.xcassets */ = {isa = PBXFileReference; lastKnownFileType = folder.assetcatalog; path = Assets.xcassets; sourceTree = "<group>"; };
		3BCE1AE827D3DB33003726B2 /* Base */ = {isa = PBXFileReference; lastKnownFileType = file.storyboard; name = Base; path = Base.lproj/LaunchScreen.storyboard; sourceTree = "<group>"; };
		3BCE1AEA27D3DB33003726B2 /* Info.plist */ = {isa = PBXFileReference; lastKnownFileType = text.plist.xml; path = Info.plist; sourceTree = "<group>"; };
		3BCE1B0027D3F173003726B2 /* BeerManager.swift */ = {isa = PBXFileReference; lastKnownFileType = sourcecode.swift; path = BeerManager.swift; sourceTree = "<group>"; };
		3BCE1B0227D3F17D003726B2 /* BeerData.swift */ = {isa = PBXFileReference; lastKnownFileType = sourcecode.swift; path = BeerData.swift; sourceTree = "<group>"; };
		3BCE1B1127D4DBEB003726B2 /* BeerListTableViewCell.swift */ = {isa = PBXFileReference; lastKnownFileType = sourcecode.swift; path = BeerListTableViewCell.swift; sourceTree = "<group>"; };
/* End PBXFileReference section */

/* Begin PBXFrameworksBuildPhase section */
		3BCE1AD627D3DB32003726B2 /* Frameworks */ = {
			isa = PBXFrameworksBuildPhase;
			buildActionMask = 2147483647;
			files = (
			);
			runOnlyForDeploymentPostprocessing = 0;
		};
/* End PBXFrameworksBuildPhase section */

/* Begin PBXGroup section */
		3B235B0D27D7B3F900E2163C /* beerDetail */ = {
			isa = PBXGroup;
			children = (
				3B235B1127D7B45B00E2163C /* BeerDetailViewController.swift */,
			);
			path = beerDetail;
			sourceTree = "<group>";
		};
		3B8CEB0327DA0965003903E1 /* common */ = {
			isa = PBXGroup;
			children = (
				3B8CEB0427DA09B5003903E1 /* Constants.swift */,
			);
			path = common;
			sourceTree = "<group>";
		};
		3BCE1AD027D3DB32003726B2 = {
			isa = PBXGroup;
			children = (
				3BCE1ADB27D3DB32003726B2 /* BeerProject */,
				3BCE1ADA27D3DB32003726B2 /* Products */,
			);
			sourceTree = "<group>";
		};
		3BCE1ADA27D3DB32003726B2 /* Products */ = {
			isa = PBXGroup;
			children = (
				3BCE1AD927D3DB32003726B2 /* BeerProject.app */,
			);
			name = Products;
			sourceTree = "<group>";
		};
		3BCE1ADB27D3DB32003726B2 /* BeerProject */ = {
			isa = PBXGroup;
			children = (
				3B8CEB0327DA0965003903E1 /* common */,
				3BCE1AFF27D3F162003726B2 /* model */,
				3BCE1AF727D3E394003726B2 /* controller */,
				3BCE1AFE27D3F0E3003726B2 /* view */,
				3BCE1ADC27D3DB32003726B2 /* AppDelegate.swift */,
				3BCE1ADE27D3DB32003726B2 /* SceneDelegate.swift */,
				3BCE1AE527D3DB33003726B2 /* Assets.xcassets */,
				3BCE1AE727D3DB33003726B2 /* LaunchScreen.storyboard */,
				3BCE1AEA27D3DB33003726B2 /* Info.plist */,
				3B90C38F27DA284700C7FED3 /* CHANGELOG.md */,
			);
			path = BeerProject;
			sourceTree = "<group>";
		};
		3BCE1AF727D3E394003726B2 /* controller */ = {
			isa = PBXGroup;
			children = (
				3B235B0D27D7B3F900E2163C /* beerDetail */,
				3BCE1B0C27D4CAF5003726B2 /* beerCell */,
				3BCE1AE027D3DB32003726B2 /* BeerViewController.swift */,
			);
			path = controller;
			sourceTree = "<group>";
		};
		3BCE1AFE27D3F0E3003726B2 /* view */ = {
			isa = PBXGroup;
			children = (
				3BCE1AE227D3DB32003726B2 /* Main.storyboard */,
			);
			path = view;
			sourceTree = "<group>";
		};
		3BCE1AFF27D3F162003726B2 /* model */ = {
			isa = PBXGroup;
			children = (
				3BCE1B0027D3F173003726B2 /* BeerManager.swift */,
				3BCE1B0227D3F17D003726B2 /* BeerData.swift */,
			);
			path = model;
			sourceTree = "<group>";
		};
		3BCE1B0C27D4CAF5003726B2 /* beerCell */ = {
			isa = PBXGroup;
			children = (
				3BCE1B1127D4DBEB003726B2 /* BeerListTableViewCell.swift */,
			);
			path = beerCell;
			sourceTree = "<group>";
		};
/* End PBXGroup section */

/* Begin PBXNativeTarget section */
		3BCE1AD827D3DB32003726B2 /* BeerProject */ = {
			isa = PBXNativeTarget;
			buildConfigurationList = 3BCE1AED27D3DB33003726B2 /* Build configuration list for PBXNativeTarget "BeerProject" */;
			buildPhases = (
				3BCE1AD527D3DB32003726B2 /* Sources */,
				3BCE1AD627D3DB32003726B2 /* Frameworks */,
				3BCE1AD727D3DB32003726B2 /* Resources */,
			);
			buildRules = (
			);
			dependencies = (
			);
			name = BeerProject;
			productName = BeerProject;
			productReference = 3BCE1AD927D3DB32003726B2 /* BeerProject.app */;
			productType = "com.apple.product-type.application";
		};
/* End PBXNativeTarget section */

/* Begin PBXProject section */
		3BCE1AD127D3DB32003726B2 /* Project object */ = {
			isa = PBXProject;
			attributes = {
				BuildIndependentTargetsInParallel = 1;
				LastSwiftUpdateCheck = 1310;
				LastUpgradeCheck = 1310;
				TargetAttributes = {
					3BCE1AD827D3DB32003726B2 = {
						CreatedOnToolsVersion = 13.1;
					};
				};
			};
			buildConfigurationList = 3BCE1AD427D3DB32003726B2 /* Build configuration list for PBXProject "BeerProject" */;
			compatibilityVersion = "Xcode 13.0";
			developmentRegion = en;
			hasScannedForEncodings = 0;
			knownRegions = (
				en,
				Base,
			);
			mainGroup = 3BCE1AD027D3DB32003726B2;
			productRefGroup = 3BCE1ADA27D3DB32003726B2 /* Products */;
			projectDirPath = "";
			projectRoot = "";
			targets = (
				3BCE1AD827D3DB32003726B2 /* BeerProject */,
			);
		};
/* End PBXProject section */

/* Begin PBXResourcesBuildPhase section */
		3BCE1AD727D3DB32003726B2 /* Resources */ = {
			isa = PBXResourcesBuildPhase;
			buildActionMask = 2147483647;
			files = (
				3BCE1AE927D3DB33003726B2 /* LaunchScreen.storyboard in Resources */,
				3BCE1AE627D3DB33003726B2 /* Assets.xcassets in Resources */,
				3BCE1AE427D3DB32003726B2 /* Main.storyboard in Resources */,
				3B90C39027DA284700C7FED3 /* CHANGELOG.md in Resources */,
			);
			runOnlyForDeploymentPostprocessing = 0;
		};
/* End PBXResourcesBuildPhase section */

/* Begin PBXSourcesBuildPhase section */
		3BCE1AD527D3DB32003726B2 /* Sources */ = {
			isa = PBXSourcesBuildPhase;
			buildActionMask = 2147483647;
			files = (
				3BCE1B0327D3F17D003726B2 /* BeerData.swift in Sources */,
				3B235B1227D7B45B00E2163C /* BeerDetailViewController.swift in Sources */,
				3BCE1AE127D3DB32003726B2 /* BeerViewController.swift in Sources */,
				3BCE1B1227D4DBEB003726B2 /* BeerListTableViewCell.swift in Sources */,
				3BCE1B0127D3F173003726B2 /* BeerManager.swift in Sources */,
				3BCE1ADD27D3DB32003726B2 /* AppDelegate.swift in Sources */,
				3BCE1ADF27D3DB32003726B2 /* SceneDelegate.swift in Sources */,
				3B8CEB0527DA09B5003903E1 /* Constants.swift in Sources */,
			);
			runOnlyForDeploymentPostprocessing = 0;
		};
/* End PBXSourcesBuildPhase section */

/* Begin PBXVariantGroup section */
		3BCE1AE227D3DB32003726B2 /* Main.storyboard */ = {
			isa = PBXVariantGroup;
			children = (
				3BCE1AE327D3DB32003726B2 /* Base */,
			);
			name = Main.storyboard;
			sourceTree = "<group>";
		};
		3BCE1AE727D3DB33003726B2 /* LaunchScreen.storyboard */ = {
			isa = PBXVariantGroup;
			children = (
				3BCE1AE827D3DB33003726B2 /* Base */,
			);
			name = LaunchScreen.storyboard;
			sourceTree = "<group>";
		};
/* End PBXVariantGroup section */

/* Begin XCBuildConfiguration section */
		3BCE1AEB27D3DB33003726B2 /* Debug */ = {
			isa = XCBuildConfiguration;
			buildSettings = {
				ALWAYS_SEARCH_USER_PATHS = NO;
				CLANG_ANALYZER_NONNULL = YES;
				CLANG_ANALYZER_NUMBER_OBJECT_CONVERSION = YES_AGGRESSIVE;
				CLANG_CXX_LANGUAGE_STANDARD = "gnu++17";
				CLANG_CXX_LIBRARY = "libc++";
				CLANG_ENABLE_MODULES = YES;
				CLANG_ENABLE_OBJC_ARC = YES;
				CLANG_ENABLE_OBJC_WEAK = YES;
				CLANG_WARN_BLOCK_CAPTURE_AUTORELEASING = YES;
				CLANG_WARN_BOOL_CONVERSION = YES;
				CLANG_WARN_COMMA = YES;
				CLANG_WARN_CONSTANT_CONVERSION = YES;
				CLANG_WARN_DEPRECATED_OBJC_IMPLEMENTATIONS = YES;
				CLANG_WARN_DIRECT_OBJC_ISA_USAGE = YES_ERROR;
				CLANG_WARN_DOCUMENTATION_COMMENTS = YES;
				CLANG_WARN_EMPTY_BODY = YES;
				CLANG_WARN_ENUM_CONVERSION = YES;
				CLANG_WARN_INFINITE_RECURSION = YES;
				CLANG_WARN_INT_CONVERSION = YES;
				CLANG_WARN_NON_LITERAL_NULL_CONVERSION = YES;
				CLANG_WARN_OBJC_IMPLICIT_RETAIN_SELF = YES;
				CLANG_WARN_OBJC_LITERAL_CONVERSION = YES;
				CLANG_WARN_OBJC_ROOT_CLASS = YES_ERROR;
				CLANG_WARN_QUOTED_INCLUDE_IN_FRAMEWORK_HEADER = YES;
				CLANG_WARN_RANGE_LOOP_ANALYSIS = YES;
				CLANG_WARN_STRICT_PROTOTYPES = YES;
				CLANG_WARN_SUSPICIOUS_MOVE = YES;
				CLANG_WARN_UNGUARDED_AVAILABILITY = YES_AGGRESSIVE;
				CLANG_WARN_UNREACHABLE_CODE = YES;
				CLANG_WARN__DUPLICATE_METHOD_MATCH = YES;
				COPY_PHASE_STRIP = NO;
				DEBUG_INFORMATION_FORMAT = dwarf;
				ENABLE_STRICT_OBJC_MSGSEND = YES;
				ENABLE_TESTABILITY = YES;
				GCC_C_LANGUAGE_STANDARD = gnu11;
				GCC_DYNAMIC_NO_PIC = NO;
				GCC_NO_COMMON_BLOCKS = YES;
				GCC_OPTIMIZATION_LEVEL = 0;
				GCC_PREPROCESSOR_DEFINITIONS = (
					"DEBUG=1",
					"$(inherited)",
				);
				GCC_WARN_64_TO_32_BIT_CONVERSION = YES;
				GCC_WARN_ABOUT_RETURN_TYPE = YES_ERROR;
				GCC_WARN_UNDECLARED_SELECTOR = YES;
				GCC_WARN_UNINITIALIZED_AUTOS = YES_AGGRESSIVE;
				GCC_WARN_UNUSED_FUNCTION = YES;
				GCC_WARN_UNUSED_VARIABLE = YES;
				IPHONEOS_DEPLOYMENT_TARGET = 15.0;
				MTL_ENABLE_DEBUG_INFO = INCLUDE_SOURCE;
				MTL_FAST_MATH = YES;
				ONLY_ACTIVE_ARCH = YES;
				SDKROOT = iphoneos;
				SWIFT_ACTIVE_COMPILATION_CONDITIONS = DEBUG;
				SWIFT_OPTIMIZATION_LEVEL = "-Onone";
			};
			name = Debug;
		};
		3BCE1AEC27D3DB33003726B2 /* Release */ = {
			isa = XCBuildConfiguration;
			buildSettings = {
				ALWAYS_SEARCH_USER_PATHS = NO;
				CLANG_ANALYZER_NONNULL = YES;
				CLANG_ANALYZER_NUMBER_OBJECT_CONVERSION = YES_AGGRESSIVE;
				CLANG_CXX_LANGUAGE_STANDARD = "gnu++17";
				CLANG_CXX_LIBRARY = "libc++";
				CLANG_ENABLE_MODULES = YES;
				CLANG_ENABLE_OBJC_ARC = YES;
				CLANG_ENABLE_OBJC_WEAK = YES;
				CLANG_WARN_BLOCK_CAPTURE_AUTORELEASING = YES;
				CLANG_WARN_BOOL_CONVERSION = YES;
				CLANG_WARN_COMMA = YES;
				CLANG_WARN_CONSTANT_CONVERSION = YES;
				CLANG_WARN_DEPRECATED_OBJC_IMPLEMENTATIONS = YES;
				CLANG_WARN_DIRECT_OBJC_ISA_USAGE = YES_ERROR;
				CLANG_WARN_DOCUMENTATION_COMMENTS = YES;
				CLANG_WARN_EMPTY_BODY = YES;
				CLANG_WARN_ENUM_CONVERSION = YES;
				CLANG_WARN_INFINITE_RECURSION = YES;
				CLANG_WARN_INT_CONVERSION = YES;
				CLANG_WARN_NON_LITERAL_NULL_CONVERSION = YES;
				CLANG_WARN_OBJC_IMPLICIT_RETAIN_SELF = YES;
				CLANG_WARN_OBJC_LITERAL_CONVERSION = YES;
				CLANG_WARN_OBJC_ROOT_CLASS = YES_ERROR;
				CLANG_WARN_QUOTED_INCLUDE_IN_FRAMEWORK_HEADER = YES;
				CLANG_WARN_RANGE_LOOP_ANALYSIS = YES;
				CLANG_WARN_STRICT_PROTOTYPES = YES;
				CLANG_WARN_SUSPICIOUS_MOVE = YES;
				CLANG_WARN_UNGUARDED_AVAILABILITY = YES_AGGRESSIVE;
				CLANG_WARN_UNREACHABLE_CODE = YES;
				CLANG_WARN__DUPLICATE_METHOD_MATCH = YES;
				COPY_PHASE_STRIP = NO;
				DEBUG_INFORMATION_FORMAT = "dwarf-with-dsym";
				ENABLE_NS_ASSERTIONS = NO;
				ENABLE_STRICT_OBJC_MSGSEND = YES;
				GCC_C_LANGUAGE_STANDARD = gnu11;
				GCC_NO_COMMON_BLOCKS = YES;
				GCC_WARN_64_TO_32_BIT_CONVERSION = YES;
				GCC_WARN_ABOUT_RETURN_TYPE = YES_ERROR;
				GCC_WARN_UNDECLARED_SELECTOR = YES;
				GCC_WARN_UNINITIALIZED_AUTOS = YES_AGGRESSIVE;
				GCC_WARN_UNUSED_FUNCTION = YES;
				GCC_WARN_UNUSED_VARIABLE = YES;
				IPHONEOS_DEPLOYMENT_TARGET = 15.0;
				MTL_ENABLE_DEBUG_INFO = NO;
				MTL_FAST_MATH = YES;
				SDKROOT = iphoneos;
				SWIFT_COMPILATION_MODE = wholemodule;
				SWIFT_OPTIMIZATION_LEVEL = "-O";
				VALIDATE_PRODUCT = YES;
			};
			name = Release;
		};
		3BCE1AEE27D3DB33003726B2 /* Debug */ = {
			isa = XCBuildConfiguration;
			buildSettings = {
				ASSETCATALOG_COMPILER_APPICON_NAME = AppIcon;
				ASSETCATALOG_COMPILER_GLOBAL_ACCENT_COLOR_NAME = AccentColor;
				CODE_SIGN_STYLE = Automatic;
				CURRENT_PROJECT_VERSION = 1;
				GENERATE_INFOPLIST_FILE = YES;
				INFOPLIST_FILE = BeerProject/Info.plist;
				INFOPLIST_KEY_UIApplicationSupportsIndirectInputEvents = YES;
				INFOPLIST_KEY_UILaunchStoryboardName = LaunchScreen;
				INFOPLIST_KEY_UIMainStoryboardFile = Main;
				INFOPLIST_KEY_UISupportedInterfaceOrientations_iPad = "UIInterfaceOrientationPortrait UIInterfaceOrientationPortraitUpsideDown UIInterfaceOrientationLandscapeLeft UIInterfaceOrientationLandscapeRight";
				INFOPLIST_KEY_UISupportedInterfaceOrientations_iPhone = "UIInterfaceOrientationPortrait UIInterfaceOrientationLandscapeLeft UIInterfaceOrientationLandscapeRight";
				LD_RUNPATH_SEARCH_PATHS = (
					"$(inherited)",
					"@executable_path/Frameworks",
				);
				MARKETING_VERSION = 1.0;
				PRODUCT_BUNDLE_IDENTIFIER = com.antonioAlvarez.BeerProject;
				PRODUCT_NAME = "$(TARGET_NAME)";
				SWIFT_EMIT_LOC_STRINGS = YES;
				SWIFT_VERSION = 5.0;
				TARGETED_DEVICE_FAMILY = "1,2";
			};
			name = Debug;
		};
		3BCE1AEF27D3DB33003726B2 /* Release */ = {
			isa = XCBuildConfiguration;
			buildSettings = {
				ASSETCATALOG_COMPILER_APPICON_NAME = AppIcon;
				ASSETCATALOG_COMPILER_GLOBAL_ACCENT_COLOR_NAME = AccentColor;
				CODE_SIGN_STYLE = Automatic;
				CURRENT_PROJECT_VERSION = 1;
				GENERATE_INFOPLIST_FILE = YES;
				INFOPLIST_FILE = BeerProject/Info.plist;
				INFOPLIST_KEY_UIApplicationSupportsIndirectInputEvents = YES;
				INFOPLIST_KEY_UILaunchStoryboardName = LaunchScreen;
				INFOPLIST_KEY_UIMainStoryboardFile = Main;
				INFOPLIST_KEY_UISupportedInterfaceOrientations_iPad = "UIInterfaceOrientationPortrait UIInterfaceOrientationPortraitUpsideDown UIInterfaceOrientationLandscapeLeft UIInterfaceOrientationLandscapeRight";
				INFOPLIST_KEY_UISupportedInterfaceOrientations_iPhone = "UIInterfaceOrientationPortrait UIInterfaceOrientationLandscapeLeft UIInterfaceOrientationLandscapeRight";
				LD_RUNPATH_SEARCH_PATHS = (
					"$(inherited)",
					"@executable_path/Frameworks",
				);
				MARKETING_VERSION = 1.0;
				PRODUCT_BUNDLE_IDENTIFIER = com.antonioAlvarez.BeerProject;
				PRODUCT_NAME = "$(TARGET_NAME)";
				SWIFT_EMIT_LOC_STRINGS = YES;
				SWIFT_VERSION = 5.0;
				TARGETED_DEVICE_FAMILY = "1,2";
			};
			name = Release;
		};
/* End XCBuildConfiguration section */

/* Begin XCConfigurationList section */
		3BCE1AD427D3DB32003726B2 /* Build configuration list for PBXProject "BeerProject" */ = {
			isa = XCConfigurationList;
			buildConfigurations = (
				3BCE1AEB27D3DB33003726B2 /* Debug */,
				3BCE1AEC27D3DB33003726B2 /* Release */,
			);
			defaultConfigurationIsVisible = 0;
			defaultConfigurationName = Release;
		};
		3BCE1AED27D3DB33003726B2 /* Build configuration list for PBXNativeTarget "BeerProject" */ = {
			isa = XCConfigurationList;
			buildConfigurations = (
				3BCE1AEE27D3DB33003726B2 /* Debug */,
				3BCE1AEF27D3DB33003726B2 /* Release */,
			);
			defaultConfigurationIsVisible = 0;
			defaultConfigurationName = Release;
		};
/* End XCConfigurationList section */
	};
	rootObject = 3BCE1AD127D3DB32003726B2 /* Project object */;
}
